
Microsoft Visual Studio Solution File, Format Version 12.00
# Visual Studio Version 17
VisualStudioVersion = 17.2.32602.215
MinimumVisualStudioVersion = 10.0.40219.1
Project("{9A19103F-16F7-4668-BE54-9A1E7A4F7556}") = "ConsoleApp2", "ConsoleApp2\ConsoleApp2.csproj", "{8BD7AFF6-39BE-4B1F-A60C-7993A341E0AB}"
EndProject
Project("{FAE04EC0-301F-11D3-BF4B-00C04F79EFBC}") = "APDateRetriever", "APDateRetriever\APDateRetriever.csproj", "{DB46C84E-47CB-4B53-88D8-F52F955FD1B4}"
EndProject
Global
	GlobalSection(SolutionConfigurationPlatforms) = preSolution
		Debug|Any CPU = Debug|Any CPU
		Release|Any CPU = Release|Any CPU
	EndGlobalSection
	GlobalSection(ProjectConfigurationPlatforms) = postSolution
		{8BD7AFF6-39BE-4B1F-A60C-7993A341E0AB}.Debug|Any CPU.ActiveCfg = Debug|Any CPU
		{8BD7AFF6-39BE-4B1F-A60C-7993A341E0AB}.Debug|Any CPU.Build.0 = Debug|Any CPU
		{8BD7AFF6-39BE-4B1F-A60C-7993A341E0AB}.Release|Any CPU.ActiveCfg = Release|Any CPU
		{8BD7AFF6-39BE-4B1F-A60C-7993A341E0AB}.Release|Any CPU.Build.0 = Release|Any CPU
		{DB46C84E-47CB-4B53-88D8-F52F955FD1B4}.Debug|Any CPU.ActiveCfg = Debug|Any CPU
		{DB46C84E-47CB-4B53-88D8-F52F955FD1B4}.Debug|Any CPU.Build.0 = Debug|Any CPU
		{DB46C84E-47CB-4B53-88D8-F52F955FD1B4}.Release|Any CPU.ActiveCfg = Release|Any CPU
		{DB46C84E-47CB-4B53-88D8-F52F955FD1B4}.Release|Any CPU.Build.0 = Release|Any CPU
	EndGlobalSection
	GlobalSection(SolutionProperties) = preSolution
		HideSolutionNode = FALSE
	EndGlobalSection
	GlobalSection(ExtensibilityGlobals) = postSolution
		SolutionGuid = {4A66146A-EB7E-4487-8524-6F72AB065B74}
	EndGlobalSection
EndGlobal
